// !$*UTF8*$!
{
	archiveVersion = 1;
	classes = {
	};
	objectVersion = 50;
	objects = {

/* Begin PBXBuildFile section */
		B089DB29237FAB3200EE74D6 /* AppDelegate.swift in Sources */ = {isa = PBXBuildFile; fileRef = B089DB28237FAB3200EE74D6 /* AppDelegate.swift */; };
		B089DB2B237FAB3200EE74D6 /* ViewController.swift in Sources */ = {isa = PBXBuildFile; fileRef = B089DB2A237FAB3200EE74D6 /* ViewController.swift */; };
		B089DB2E237FAB3200EE74D6 /* Main.storyboard in Resources */ = {isa = PBXBuildFile; fileRef = B089DB2C237FAB3200EE74D6 /* Main.storyboard */; };
		B089DB30237FAB3400EE74D6 /* Assets.xcassets in Resources */ = {isa = PBXBuildFile; fileRef = B089DB2F237FAB3400EE74D6 /* Assets.xcassets */; };
		B089DB33237FAB3400EE74D6 /* LaunchScreen.storyboard in Resources */ = {isa = PBXBuildFile; fileRef = B089DB31237FAB3400EE74D6 /* LaunchScreen.storyboard */; };
		B089DB3B237FAC1400EE74D6 /* Preguntas.swift in Sources */ = {isa = PBXBuildFile; fileRef = B089DB3A237FAC1400EE74D6 /* Preguntas.swift */; };
		B089DB3D237FACBA00EE74D6 /* Respuestas.swift in Sources */ = {isa = PBXBuildFile; fileRef = B089DB3C237FACBA00EE74D6 /* Respuestas.swift */; };
		B089DB3F237FACF500EE74D6 /* Resultado.swift in Sources */ = {isa = PBXBuildFile; fileRef = B089DB3E237FACF500EE74D6 /* Resultado.swift */; };
/* End PBXBuildFile section */

/* Begin PBXFileReference section */
		B089DB25237FAB3200EE74D6 /* UNAMath Kids.app */ = {isa = PBXFileReference; explicitFileType = wrapper.application; includeInIndex = 0; path = "UNAMath Kids.app"; sourceTree = BUILT_PRODUCTS_DIR; };
		B089DB28237FAB3200EE74D6 /* AppDelegate.swift */ = {isa = PBXFileReference; lastKnownFileType = sourcecode.swift; path = AppDelegate.swift; sourceTree = "<group>"; };
		B089DB2A237FAB3200EE74D6 /* ViewController.swift */ = {isa = PBXFileReference; lastKnownFileType = sourcecode.swift; path = ViewController.swift; sourceTree = "<group>"; };
		B089DB2D237FAB3200EE74D6 /* Base */ = {isa = PBXFileReference; lastKnownFileType = file.storyboard; name = Base; path = Base.lproj/Main.storyboard; sourceTree = "<group>"; };
		B089DB2F237FAB3400EE74D6 /* Assets.xcassets */ = {isa = PBXFileReference; lastKnownFileType = folder.assetcatalog; path = Assets.xcassets; sourceTree = "<group>"; };
		B089DB32237FAB3400EE74D6 /* Base */ = {isa = PBXFileReference; lastKnownFileType = file.storyboard; name = Base; path = Base.lproj/LaunchScreen.storyboard; sourceTree = "<group>"; };
		B089DB34237FAB3400EE74D6 /* Info.plist */ = {isa = PBXFileReference; lastKnownFileType = text.plist.xml; path = Info.plist; sourceTree = "<group>"; };
		B089DB3A237FAC1400EE74D6 /* Preguntas.swift */ = {isa = PBXFileReference; lastKnownFileType = sourcecode.swift; path = Preguntas.swift; sourceTree = "<group>"; };
		B089DB3C237FACBA00EE74D6 /* Respuestas.swift */ = {isa = PBXFileReference; lastKnownFileType = sourcecode.swift; path = Respuestas.swift; sourceTree = "<group>"; };
		B089DB3E237FACF500EE74D6 /* Resultado.swift */ = {isa = PBXFileReference; lastKnownFileType = sourcecode.swift; path = Resultado.swift; sourceTree = "<group>"; };
/* End PBXFileReference section */

/* Begin PBXFrameworksBuildPhase section */
		B089DB22237FAB3200EE74D6 /* Frameworks */ = {
			isa = PBXFrameworksBuildPhase;
			buildActionMask = 2147483647;
			files = (
			);
			runOnlyForDeploymentPostprocessing = 0;
		};
/* End PBXFrameworksBuildPhase section */

/* Begin PBXGroup section */
		B089DB1C237FAB3200EE74D6 = {
			isa = PBXGroup;
			children = (
				B089DB27237FAB3200EE74D6 /* UNAMath Kids */,
				B089DB26237FAB3200EE74D6 /* Products */,
			);
			sourceTree = "<group>";
		};
		B089DB26237FAB3200EE74D6 /* Products */ = {
			isa = PBXGroup;
			children = (
				B089DB25237FAB3200EE74D6 /* UNAMath Kids.app */,
			);
			name = Products;
			sourceTree = "<group>";
		};
		B089DB27237FAB3200EE74D6 /* UNAMath Kids */ = {
			isa = PBXGroup;
			children = (
				B089DB34237FAB3400EE74D6 /* Info.plist */,
				B089DB28237FAB3200EE74D6 /* AppDelegate.swift */,
				B089DB3A237FAC1400EE74D6 /* Preguntas.swift */,
				B089DB3C237FACBA00EE74D6 /* Respuestas.swift */,
				B089DB3E237FACF500EE74D6 /* Resultado.swift */,
				B089DB2A237FAB3200EE74D6 /* ViewController.swift */,
				B089DB2F237FAB3400EE74D6 /* Assets.xcassets */,
				B089DB31237FAB3400EE74D6 /* LaunchScreen.storyboard */,
				B089DB2C237FAB3200EE74D6 /* Main.storyboard */,
			);
			path = "UNAMath Kids";
			sourceTree = "<group>";
		};
/* End PBXGroup section */

/* Begin PBXNativeTarget section */
		B089DB24237FAB3200EE74D6 /* UNAMath Kids */ = {
			isa = PBXNativeTarget;
			buildConfigurationList = B089DB37237FAB3400EE74D6 /* Build configuration list for PBXNativeTarget "UNAMath Kids" */;
			buildPhases = (
				B089DB21237FAB3200EE74D6 /* Sources */,
				B089DB22237FAB3200EE74D6 /* Frameworks */,
				B089DB23237FAB3200EE74D6 /* Resources */,
			);
			buildRules = (
			);
			dependencies = (
			);
			name = "UNAMath Kids";
			productName = "UNAMath Kids";
			productReference = B089DB25237FAB3200EE74D6 /* UNAMath Kids.app */;
			productType = "com.apple.product-type.application";
		};
/* End PBXNativeTarget section */

/* Begin PBXProject section */
		B089DB1D237FAB3200EE74D6 /* Project object */ = {
			isa = PBXProject;
			attributes = {
				LastSwiftUpdateCheck = 1010;
				LastUpgradeCheck = 1010;
				ORGANIZATIONNAME = JAGS;
				TargetAttributes = {
					B089DB24237FAB3200EE74D6 = {
						CreatedOnToolsVersion = 10.1;
					};
				};
			};
			buildConfigurationList = B089DB20237FAB3200EE74D6 /* Build configuration list for PBXProject "UNAMath Kids" */;
			compatibilityVersion = "Xcode 9.3";
			developmentRegion = en;
			hasScannedForEncodings = 0;
			knownRegions = (
				en,
				Base,
			);
			mainGroup = B089DB1C237FAB3200EE74D6;
			productRefGroup = B089DB26237FAB3200EE74D6 /* Products */;
			projectDirPath = "";
			projectRoot = "";
			targets = (
				B089DB24237FAB3200EE74D6 /* UNAMath Kids */,
			);
		};
/* End PBXProject section */

/* Begin PBXResourcesBuildPhase section */
		B089DB23237FAB3200EE74D6 /* Resources */ = {
			isa = PBXResourcesBuildPhase;
			buildActionMask = 2147483647;
			files = (
				B089DB33237FAB3400EE74D6 /* LaunchScreen.storyboard in Resources */,
				B089DB30237FAB3400EE74D6 /* Assets.xcassets in Resources */,
				B089DB2E237FAB3200EE74D6 /* Main.storyboard in Resources */,
			);
			runOnlyForDeploymentPostprocessing = 0;
		};
/* End PBXResourcesBuildPhase section */

/* Begin PBXSourcesBuildPhase section */
		B089DB21237FAB3200EE74D6 /* Sources */ = {
			isa = PBXSourcesBuildPhase;
			buildActionMask = 2147483647;
			files = (
				B089DB2B237FAB3200EE74D6 /* ViewController.swift in Sources */,
				B089DB29237FAB3200EE74D6 /* AppDelegate.swift in Sources */,
				B089DB3F237FACF500EE74D6 /* Resultado.swift in Sources */,
				B089DB3D237FACBA00EE74D6 /* Respuestas.swift in Sources */,
				B089DB3B237FAC1400EE74D6 /* Preguntas.swift in Sources */,
			);
			runOnlyForDeploymentPostprocessing = 0;
		};
/* End PBXSourcesBuildPhase section */

/* Begin PBXVariantGroup section */
		B089DB2C237FAB3200EE74D6 /* Main.storyboard */ = {
			isa = PBXVariantGroup;
			children = (
				B089DB2D237FAB3200EE74D6 /* Base */,
			);
			name = Main.storyboard;
			sourceTree = "<group>";
		};
		B089DB31237FAB3400EE74D6 /* LaunchScreen.storyboard */ = {
			isa = PBXVariantGroup;
			children = (
				B089DB32237FAB3400EE74D6 /* Base */,
			);
			name = LaunchScreen.storyboard;
			sourceTree = "<group>";
		};
/* End PBXVariantGroup section */

/* Begin XCBuildConfiguration section */
		B089DB35237FAB3400EE74D6 /* Debug */ = {
			isa = XCBuildConfiguration;
			buildSettings = {
				ALWAYS_SEARCH_USER_PATHS = NO;
				CLANG_ANALYZER_NONNULL = YES;
				CLANG_ANALYZER_NUMBER_OBJECT_CONVERSION = YES_AGGRESSIVE;
				CLANG_CXX_LANGUAGE_STANDARD = "gnu++14";
				CLANG_CXX_LIBRARY = "libc++";
				CLANG_ENABLE_MODULES = YES;
				CLANG_ENABLE_OBJC_ARC = YES;
				CLANG_ENABLE_OBJC_WEAK = YES;
				CLANG_WARN_BLOCK_CAPTURE_AUTORELEASING = YES;
				CLANG_WARN_BOOL_CONVERSION = YES;
				CLANG_WARN_COMMA = YES;
				CLANG_WARN_CONSTANT_CONVERSION = YES;
				CLANG_WARN_DEPRECATED_OBJC_IMPLEMENTATIONS = YES;
				CLANG_WARN_DIRECT_OBJC_ISA_USAGE = YES_ERROR;
				CLANG_WARN_DOCUMENTATION_COMMENTS = YES;
				CLANG_WARN_EMPTY_BODY = YES;
				CLANG_WARN_ENUM_CONVERSION = YES;
				CLANG_WARN_INFINITE_RECURSION = YES;
				CLANG_WARN_INT_CONVERSION = YES;
				CLANG_WARN_NON_LITERAL_NULL_CONVERSION = YES;
				CLANG_WARN_OBJC_IMPLICIT_RETAIN_SELF = YES;
				CLANG_WARN_OBJC_LITERAL_CONVERSION = YES;
				CLANG_WARN_OBJC_ROOT_CLASS = YES_ERROR;
				CLANG_WARN_RANGE_LOOP_ANALYSIS = YES;
				CLANG_WARN_STRICT_PROTOTYPES = YES;
				CLANG_WARN_SUSPICIOUS_MOVE = YES;
				CLANG_WARN_UNGUARDED_AVAILABILITY = YES_AGGRESSIVE;
				CLANG_WARN_UNREACHABLE_CODE = YES;
				CLANG_WARN__DUPLICATE_METHOD_MATCH = YES;
				CODE_SIGN_IDENTITY = "iPhone Developer";
				COPY_PHASE_STRIP = NO;
				DEBUG_INFORMATION_FORMAT = dwarf;
				ENABLE_STRICT_OBJC_MSGSEND = YES;
				ENABLE_TESTABILITY = YES;
				GCC_C_LANGUAGE_STANDARD = gnu11;
				GCC_DYNAMIC_NO_PIC = NO;
				GCC_NO_COMMON_BLOCKS = YES;
				GCC_OPTIMIZATION_LEVEL = 0;
				GCC_PREPROCESSOR_DEFINITIONS = (
					"DEBUG=1",
					"$(inherited)",
				);
				GCC_WARN_64_TO_32_BIT_CONVERSION = YES;
				GCC_WARN_ABOUT_RETURN_TYPE = YES_ERROR;
				GCC_WARN_UNDECLARED_SELECTOR = YES;
				GCC_WARN_UNINITIALIZED_AUTOS = YES_AGGRESSIVE;
				GCC_WARN_UNUSED_FUNCTION = YES;
				GCC_WARN_UNUSED_VARIABLE = YES;
				IPHONEOS_DEPLOYMENT_TARGET = 12.1;
				MTL_ENABLE_DEBUG_INFO = INCLUDE_SOURCE;
				MTL_FAST_MATH = YES;
				ONLY_ACTIVE_ARCH = YES;
				SDKROOT = iphoneos;
				SWIFT_ACTIVE_COMPILATION_CONDITIONS = DEBUG;
				SWIFT_OPTIMIZATION_LEVEL = "-Onone";
			};
			name = Debug;
		};
		B089DB36237FAB3400EE74D6 /* Release */ = {
			isa = XCBuildConfiguration;
			buildSettings = {
				ALWAYS_SEARCH_USER_PATHS = NO;
				CLANG_ANALYZER_NONNULL = YES;
				CLANG_ANALYZER_NUMBER_OBJECT_CONVERSION = YES_AGGRESSIVE;
				CLANG_CXX_LANGUAGE_STANDARD = "gnu++14";
				CLANG_CXX_LIBRARY = "libc++";
				CLANG_ENABLE_MODULES = YES;
				CLANG_ENABLE_OBJC_ARC = YES;
				CLANG_ENABLE_OBJC_WEAK = YES;
				CLANG_WARN_BLOCK_CAPTURE_AUTORELEASING = YES;
				CLANG_WARN_BOOL_CONVERSION = YES;
				CLANG_WARN_COMMA = YES;
				CLANG_WARN_CONSTANT_CONVERSION = YES;
				CLANG_WARN_DEPRECATED_OBJC_IMPLEMENTATIONS = YES;
				CLANG_WARN_DIRECT_OBJC_ISA_USAGE = YES_ERROR;
				CLANG_WARN_DOCUMENTATION_COMMENTS = YES;
				CLANG_WARN_EMPTY_BODY = YES;
				CLANG_WARN_ENUM_CONVERSION = YES;
				CLANG_WARN_INFINITE_RECURSION = YES;
				CLANG_WARN_INT_CONVERSION = YES;
				CLANG_WARN_NON_LITERAL_NULL_CONVERSION = YES;
				CLANG_WARN_OBJC_IMPLICIT_RETAIN_SELF = YES;
				CLANG_WARN_OBJC_LITERAL_CONVERSION = YES;
				CLANG_WARN_OBJC_ROOT_CLASS = YES_ERROR;
				CLANG_WARN_RANGE_LOOP_ANALYSIS = YES;
				CLANG_WARN_STRICT_PROTOTYPES = YES;
				CLANG_WARN_SUSPICIOUS_MOVE = YES;
				CLANG_WARN_UNGUARDED_AVAILABILITY = YES_AGGRESSIVE;
				CLANG_WARN_UNREACHABLE_CODE = YES;
				CLANG_WARN__DUPLICATE_METHOD_MATCH = YES;
				CODE_SIGN_IDENTITY = "iPhone Developer";
				COPY_PHASE_STRIP = NO;
				DEBUG_INFORMATION_FORMAT = "dwarf-with-dsym";
				ENABLE_NS_ASSERTIONS = NO;
				ENABLE_STRICT_OBJC_MSGSEND = YES;
				GCC_C_LANGUAGE_STANDARD = gnu11;
				GCC_NO_COMMON_BLOCKS = YES;
				GCC_WARN_64_TO_32_BIT_CONVERSION = YES;
				GCC_WARN_ABOUT_RETURN_TYPE = YES_ERROR;
				GCC_WARN_UNDECLARED_SELECTOR = YES;
				GCC_WARN_UNINITIALIZED_AUTOS = YES_AGGRESSIVE;
				GCC_WARN_UNUSED_FUNCTION = YES;
				GCC_WARN_UNUSED_VARIABLE = YES;
				IPHONEOS_DEPLOYMENT_TARGET = 12.1;
				MTL_ENABLE_DEBUG_INFO = NO;
				MTL_FAST_MATH = YES;
				SDKROOT = iphoneos;
				SWIFT_COMPILATION_MODE = wholemodule;
				SWIFT_OPTIMIZATION_LEVEL = "-O";
				VALIDATE_PRODUCT = YES;
			};
			name = Release;
		};
		B089DB38237FAB3400EE74D6 /* Debug */ = {
			isa = XCBuildConfiguration;
			buildSettings = {
				ASSETCATALOG_COMPILER_APPICON_NAME = AppIcon;
				CODE_SIGN_STYLE = Automatic;
				INFOPLIST_FILE = "UNAMath Kids/Info.plist";
				LD_RUNPATH_SEARCH_PATHS = (
					"$(inherited)",
					"@executable_path/Frameworks",
				);
				PRODUCT_BUNDLE_IDENTIFIER = "JAGS.UNAMath-Kids";
				PRODUCT_NAME = "$(TARGET_NAME)";
				SWIFT_VERSION = 4.2;
				TARGETED_DEVICE_FAMILY = "1,2";
			};
			name = Debug;
		};
		B089DB39237FAB3400EE74D6 /* Release */ = {
			isa = XCBuildConfiguration;
			buildSettings = {
				ASSETCATALOG_COMPILER_APPICON_NAME = AppIcon;
				CODE_SIGN_STYLE = Automatic;
				INFOPLIST_FILE = "UNAMath Kids/Info.plist";
				LD_RUNPATH_SEARCH_PATHS = (
					"$(inherited)",
					"@executable_path/Frameworks",
				);
				PRODUCT_BUNDLE_IDENTIFIER = "JAGS.UNAMath-Kids";
				PRODUCT_NAME = "$(TARGET_NAME)";
				SWIFT_VERSION = 4.2;
				TARGETED_DEVICE_FAMILY = "1,2";
			};
			name = Release;
		};
/* End XCBuildConfiguration section */

/* Begin XCConfigurationList section */
		B089DB20237FAB3200EE74D6 /* Build configuration list for PBXProject "UNAMath Kids" */ = {
			isa = XCConfigurationList;
			buildConfigurations = (
				B089DB35237FAB3400EE74D6 /* Debug */,
				B089DB36237FAB3400EE74D6 /* Release */,
			);
			defaultConfigurationIsVisible = 0;
			defaultConfigurationName = Release;
		};
		B089DB37237FAB3400EE74D6 /* Build configuration list for PBXNativeTarget "UNAMath Kids" */ = {
			isa = XCConfigurationList;
			buildConfigurations = (
				B089DB38237FAB3400EE74D6 /* Debug */,
				B089DB39237FAB3400EE74D6 /* Release */,
			);
			defaultConfigurationIsVisible = 0;
			defaultConfigurationName = Release;
		};
/* End XCConfigurationList section */
	};
	rootObject = B089DB1D237FAB3200EE74D6 /* Project object */;
}
